// !$*UTF8*$!
{
	archiveVersion = 1;
	classes = {
	};
	objectVersion = 46;
	objects = {

/* Begin PBXBuildFile section */
		F1B3AD5F17E49CFF004E5F11 /* main.cpp in Sources */ = {isa = PBXBuildFile; fileRef = F1B3AD5E17E49CFF004E5F11 /* main.cpp */; };
		F1B3AD6117E49CFF004E5F11 /* GoldenRatio.1 in CopyFiles */ = {isa = PBXBuildFile; fileRef = F1B3AD6017E49CFF004E5F11 /* GoldenRatio.1 */; };
/* End PBXBuildFile section */

/* Begin PBXCopyFilesBuildPhase section */
		F1B3AD5917E49CFF004E5F11 /* CopyFiles */ = {
			isa = PBXCopyFilesBuildPhase;
			buildActionMask = 2147483647;
			dstPath = /usr/share/man/man1/;
			dstSubfolderSpec = 0;
			files = (
				F1B3AD6117E49CFF004E5F11 /* GoldenRatio.1 in CopyFiles */,
			);
			runOnlyForDeploymentPostprocessing = 1;
		};
/* End PBXCopyFilesBuildPhase section */

/* Begin PBXFileReference section */
		F1B3AD5B17E49CFF004E5F11 /* GoldenRatio */ = {isa = PBXFileReference; explicitFileType = "compiled.mach-o.executable"; includeInIndex = 0; path = GoldenRatio; sourceTree = BUILT_PRODUCTS_DIR; };
		F1B3AD5E17E49CFF004E5F11 /* main.cpp */ = {isa = PBXFileReference; lastKnownFileType = sourcecode.cpp.cpp; path = main.cpp; sourceTree = "<group>"; };
		F1B3AD6017E49CFF004E5F11 /* GoldenRatio.1 */ = {isa = PBXFileReference; lastKnownFileType = text.man; path = GoldenRatio.1; sourceTree = "<group>"; };
/* End PBXFileReference section */

/* Begin PBXFrameworksBuildPhase section */
		F1B3AD5817E49CFF004E5F11 /* Frameworks */ = {
			isa = PBXFrameworksBuildPhase;
			buildActionMask = 2147483647;
			files = (
			);
			runOnlyForDeploymentPostprocessing = 0;
		};
/* End PBXFrameworksBuildPhase section */

/* Begin PBXGroup section */
		F1B3AD5217E49CFF004E5F11 = {
			isa = PBXGroup;
			children = (
				F1B3AD5D17E49CFF004E5F11 /* GoldenRatio */,
				F1B3AD5C17E49CFF004E5F11 /* Products */,
			);
			sourceTree = "<group>";
		};
		F1B3AD5C17E49CFF004E5F11 /* Products */ = {
			isa = PBXGroup;
			children = (
				F1B3AD5B17E49CFF004E5F11 /* GoldenRatio */,
			);
			name = Products;
			sourceTree = "<group>";
		};
		F1B3AD5D17E49CFF004E5F11 /* GoldenRatio */ = {
			isa = PBXGroup;
			children = (
				F1B3AD5E17E49CFF004E5F11 /* main.cpp */,
				F1B3AD6017E49CFF004E5F11 /* GoldenRatio.1 */,
			);
			path = GoldenRatio;
			sourceTree = "<group>";
		};
/* End PBXGroup section */

/* Begin PBXNativeTarget section */
		F1B3AD5A17E49CFF004E5F11 /* GoldenRatio */ = {
			isa = PBXNativeTarget;
			buildConfigurationList = F1B3AD6417E49CFF004E5F11 /* Build configuration list for PBXNativeTarget "GoldenRatio" */;
			buildPhases = (
				F1B3AD5717E49CFF004E5F11 /* Sources */,
				F1B3AD5817E49CFF004E5F11 /* Frameworks */,
				F1B3AD5917E49CFF004E5F11 /* CopyFiles */,
			);
			buildRules = (
			);
			dependencies = (
			);
			name = GoldenRatio;
			productName = GoldenRatio;
			productReference = F1B3AD5B17E49CFF004E5F11 /* GoldenRatio */;
			productType = "com.apple.product-type.tool";
		};
/* End PBXNativeTarget section */

/* Begin PBXProject section */
		F1B3AD5317E49CFF004E5F11 /* Project object */ = {
			isa = PBXProject;
			attributes = {
				LastUpgradeCheck = 0460;
				ORGANIZATIONNAME = Rumahproject.com;
			};
			buildConfigurationList = F1B3AD5617E49CFF004E5F11 /* Build configuration list for PBXProject "GoldenRatio" */;
			compatibilityVersion = "Xcode 3.2";
			developmentRegion = English;
			hasScannedForEncodings = 0;
			knownRegions = (
				en,
			);
			mainGroup = F1B3AD5217E49CFF004E5F11;
			productRefGroup = F1B3AD5C17E49CFF004E5F11 /* Products */;
			projectDirPath = "";
			projectRoot = "";
			targets = (
				F1B3AD5A17E49CFF004E5F11 /* GoldenRatio */,
			);
		};
/* End PBXProject section */

/* Begin PBXSourcesBuildPhase section */
		F1B3AD5717E49CFF004E5F11 /* Sources */ = {
			isa = PBXSourcesBuildPhase;
			buildActionMask = 2147483647;
			files = (
				F1B3AD5F17E49CFF004E5F11 /* main.cpp in Sources */,
			);
			runOnlyForDeploymentPostprocessing = 0;
		};
/* End PBXSourcesBuildPhase section */

/* Begin XCBuildConfiguration section */
		F1B3AD6217E49CFF004E5F11 /* Debug */ = {
			isa = XCBuildConfiguration;
			buildSettings = {
				ALWAYS_SEARCH_USER_PATHS = NO;
				ARCHS = "$(ARCHS_STANDARD_64_BIT)";
				CLANG_CXX_LANGUAGE_STANDARD = "gnu++0x";
				CLANG_CXX_LIBRARY = "libc++";
				CLANG_WARN_CONSTANT_CONVERSION = YES;
				CLANG_WARN_EMPTY_BODY = YES;
				CLANG_WARN_ENUM_CONVERSION = YES;
				CLANG_WARN_INT_CONVERSION = YES;
				CLANG_WARN__DUPLICATE_METHOD_MATCH = YES;
				COPY_PHASE_STRIP = NO;
				GCC_C_LANGUAGE_STANDARD = gnu99;
				GCC_DYNAMIC_NO_PIC = NO;
				GCC_ENABLE_OBJC_EXCEPTIONS = YES;
				GCC_OPTIMIZATION_LEVEL = 0;
				GCC_PREPROCESSOR_DEFINITIONS = (
					"DEBUG=1",
					"$(inherited)",
				);
				GCC_SYMBOLS_PRIVATE_EXTERN = NO;
				GCC_WARN_64_TO_32_BIT_CONVERSION = YES;
				GCC_WARN_ABOUT_RETURN_TYPE = YES;
				GCC_WARN_UNINITIALIZED_AUTOS = YES;
				GCC_WARN_UNUSED_VARIABLE = YES;
				MACOSX_DEPLOYMENT_TARGET = 10.8;
				ONLY_ACTIVE_ARCH = YES;
				SDKROOT = macosx;
			};
			name = Debug;
		};
		F1B3AD6317E49CFF004E5F11 /* Release */ = {
			isa = XCBuildConfiguration;
			buildSettings = {
				ALWAYS_SEARCH_USER_PATHS = NO;
				ARCHS = "$(ARCHS_STANDARD_64_BIT)";
				CLANG_CXX_LANGUAGE_STANDARD = "gnu++0x";
				CLANG_CXX_LIBRARY = "libc++";
				CLANG_WARN_CONSTANT_CONVERSION = YES;
				CLANG_WARN_EMPTY_BODY = YES;
				CLANG_WARN_ENUM_CONVERSION = YES;
				CLANG_WARN_INT_CONVERSION = YES;
				CLANG_WARN__DUPLICATE_METHOD_MATCH = YES;
				COPY_PHASE_STRIP = YES;
				DEBUG_INFORMATION_FORMAT = "dwarf-with-dsym";
				GCC_C_LANGUAGE_STANDARD = gnu99;
				GCC_ENABLE_OBJC_EXCEPTIONS = YES;
				GCC_WARN_64_TO_32_BIT_CONVERSION = YES;
				GCC_WARN_ABOUT_RETURN_TYPE = YES;
				GCC_WARN_UNINITIALIZED_AUTOS = YES;
				GCC_WARN_UNUSED_VARIABLE = YES;
				MACOSX_DEPLOYMENT_TARGET = 10.8;
				SDKROOT = macosx;
			};
			name = Release;
		};
		F1B3AD6517E49CFF004E5F11 /* Debug */ = {
			isa = XCBuildConfiguration;
			buildSettings = {
				PRODUCT_NAME = "$(TARGET_NAME)";
			};
			name = Debug;
		};
		F1B3AD6617E49CFF004E5F11 /* Release */ = {
			isa = XCBuildConfiguration;
			buildSettings = {
				PRODUCT_NAME = "$(TARGET_NAME)";
			};
			name = Release;
		};
/* End XCBuildConfiguration section */

/* Begin XCConfigurationList section */
		F1B3AD5617E49CFF004E5F11 /* Build configuration list for PBXProject "GoldenRatio" */ = {
			isa = XCConfigurationList;
			buildConfigurations = (
				F1B3AD6217E49CFF004E5F11 /* Debug */,
				F1B3AD6317E49CFF004E5F11 /* Release */,
			);
			defaultConfigurationIsVisible = 0;
			defaultConfigurationName = Release;
		};
		F1B3AD6417E49CFF004E5F11 /* Build configuration list for PBXNativeTarget "GoldenRatio" */ = {
			isa = XCConfigurationList;
			buildConfigurations = (
				F1B3AD6517E49CFF004E5F11 /* Debug */,
				F1B3AD6617E49CFF004E5F11 /* Release */,
			);
			defaultConfigurationIsVisible = 0;
		};
/* End XCConfigurationList section */
	};
	rootObject = F1B3AD5317E49CFF004E5F11 /* Project object */;
}
